
Microsoft Visual Studio Solution File, Format Version 12.00
# Visual Studio Version 16
VisualStudioVersion = 16.0.32126.315
MinimumVisualStudioVersion = 10.0.40219.1
Project("{8BC9CEB8-8B4A-11D0-8D11-00A0C91BC942}") = "TheMiniDictionaryProgram", "TheMiniDictionaryProgram\TheMiniDictionaryProgram.vcxproj", "{220BB472-C0B4-4B54-B03C-86A1972A6BE4}"
EndProject
Project("{8BC9CEB8-8B4A-11D0-8D11-00A0C91BC942}") = "TheMiniDictionaryProgram_tests", "TheMiniDictionaryProgram_tests\TheMiniDictionaryProgram_tests.vcxproj", "{2AEF0743-1FA5-4EE0-8F84-A6D0559FF787}"
EndProject
Global
	GlobalSection(SolutionConfigurationPlatforms) = preSolution
		Debug|x64 = Debug|x64
		Debug|x86 = Debug|x86
		Release|x64 = Release|x64
		Release|x86 = Release|x86
	EndGlobalSection
	GlobalSection(ProjectConfigurationPlatforms) = postSolution
		{220BB472-C0B4-4B54-B03C-86A1972A6BE4}.Debug|x64.ActiveCfg = Debug|x64
		{220BB472-C0B4-4B54-B03C-86A1972A6BE4}.Debug|x64.Build.0 = Debug|x64
		{220BB472-C0B4-4B54-B03C-86A1972A6BE4}.Debug|x86.ActiveCfg = Debug|Win32
		{220BB472-C0B4-4B54-B03C-86A1972A6BE4}.Debug|x86.Build.0 = Debug|Win32
		{220BB472-C0B4-4B54-B03C-86A1972A6BE4}.Release|x64.ActiveCfg = Release|x64
		{220BB472-C0B4-4B54-B03C-86A1972A6BE4}.Release|x64.Build.0 = Release|x64
		{220BB472-C0B4-4B54-B03C-86A1972A6BE4}.Release|x86.ActiveCfg = Release|Win32
		{220BB472-C0B4-4B54-B03C-86A1972A6BE4}.Release|x86.Build.0 = Release|Win32
		{2AEF0743-1FA5-4EE0-8F84-A6D0559FF787}.Debug|x64.ActiveCfg = Debug|x64
		{2AEF0743-1FA5-4EE0-8F84-A6D0559FF787}.Debug|x64.Build.0 = Debug|x64
		{2AEF0743-1FA5-4EE0-8F84-A6D0559FF787}.Debug|x86.ActiveCfg = Debug|Win32
		{2AEF0743-1FA5-4EE0-8F84-A6D0559FF787}.Debug|x86.Build.0 = Debug|Win32
		{2AEF0743-1FA5-4EE0-8F84-A6D0559FF787}.Release|x64.ActiveCfg = Release|x64
		{2AEF0743-1FA5-4EE0-8F84-A6D0559FF787}.Release|x64.Build.0 = Release|x64
		{2AEF0743-1FA5-4EE0-8F84-A6D0559FF787}.Release|x86.ActiveCfg = Release|Win32
		{2AEF0743-1FA5-4EE0-8F84-A6D0559FF787}.Release|x86.Build.0 = Release|Win32
	EndGlobalSection
	GlobalSection(SolutionProperties) = preSolution
		HideSolutionNode = FALSE
	EndGlobalSection
	GlobalSection(ExtensibilityGlobals) = postSolution
		SolutionGuid = {CD0E5BA0-93ED-4B0B-BC68-E0AE14ACE483}
	EndGlobalSection
EndGlobal
