
Microsoft Visual Studio Solution File, Format Version 12.00
# Visual Studio Version 16
VisualStudioVersion = 16.0.32126.315
MinimumVisualStudioVersion = 10.0.40219.1
Project("{8BC9CEB8-8B4A-11D0-8D11-00A0C91BC942}") = "HtmlEncodeProgram", "HtmlEncodeProgram\HtmlEncodeProgram.vcxproj", "{0B362646-325D-47B7-8B30-E4C15DD8AF7B}"
EndProject
Project("{8BC9CEB8-8B4A-11D0-8D11-00A0C91BC942}") = "HtmlEncodeProgram_tests", "HtmlEncodeProgram_tests\HtmlEncodeProgram_tests.vcxproj", "{64A080DF-66E8-4E0F-9D07-8533353C0B47}"
EndProject
Global
	GlobalSection(SolutionConfigurationPlatforms) = preSolution
		Debug|x64 = Debug|x64
		Debug|x86 = Debug|x86
		Release|x64 = Release|x64
		Release|x86 = Release|x86
	EndGlobalSection
	GlobalSection(ProjectConfigurationPlatforms) = postSolution
		{0B362646-325D-47B7-8B30-E4C15DD8AF7B}.Debug|x64.ActiveCfg = Debug|x64
		{0B362646-325D-47B7-8B30-E4C15DD8AF7B}.Debug|x64.Build.0 = Debug|x64
		{0B362646-325D-47B7-8B30-E4C15DD8AF7B}.Debug|x86.ActiveCfg = Debug|Win32
		{0B362646-325D-47B7-8B30-E4C15DD8AF7B}.Debug|x86.Build.0 = Debug|Win32
		{0B362646-325D-47B7-8B30-E4C15DD8AF7B}.Release|x64.ActiveCfg = Release|x64
		{0B362646-325D-47B7-8B30-E4C15DD8AF7B}.Release|x64.Build.0 = Release|x64
		{0B362646-325D-47B7-8B30-E4C15DD8AF7B}.Release|x86.ActiveCfg = Release|Win32
		{0B362646-325D-47B7-8B30-E4C15DD8AF7B}.Release|x86.Build.0 = Release|Win32
		{64A080DF-66E8-4E0F-9D07-8533353C0B47}.Debug|x64.ActiveCfg = Debug|x64
		{64A080DF-66E8-4E0F-9D07-8533353C0B47}.Debug|x64.Build.0 = Debug|x64
		{64A080DF-66E8-4E0F-9D07-8533353C0B47}.Debug|x86.ActiveCfg = Debug|Win32
		{64A080DF-66E8-4E0F-9D07-8533353C0B47}.Debug|x86.Build.0 = Debug|Win32
		{64A080DF-66E8-4E0F-9D07-8533353C0B47}.Release|x64.ActiveCfg = Release|x64
		{64A080DF-66E8-4E0F-9D07-8533353C0B47}.Release|x64.Build.0 = Release|x64
		{64A080DF-66E8-4E0F-9D07-8533353C0B47}.Release|x86.ActiveCfg = Release|Win32
		{64A080DF-66E8-4E0F-9D07-8533353C0B47}.Release|x86.Build.0 = Release|Win32
	EndGlobalSection
	GlobalSection(SolutionProperties) = preSolution
		HideSolutionNode = FALSE
	EndGlobalSection
	GlobalSection(ExtensibilityGlobals) = postSolution
		SolutionGuid = {E72BCD29-08AA-4256-AEF0-A2291B5EEC79}
	EndGlobalSection
EndGlobal
